
Microsoft Visual Studio Solution File, Format Version 12.00
# Visual Studio Version 16
VisualStudioVersion = 16.0.30621.155
MinimumVisualStudioVersion = 10.0.40219.1
Project("{8BC9CEB8-8B4A-11D0-8D11-00A0C91BC942}") = "TicTacToe", "raygame\raygame.vcxproj", "{100AB646-1529-43F3-B9D1-2C0A798642FF}"
EndProject
Project("{8BC9CEB8-8B4A-11D0-8D11-00A0C91BC942}") = "NumberGuessingGame", "NumberGuessingGame\NumberGuessingGame.vcxproj", "{636037A5-9F3E-4503-AB4F-6024BF363352}"
EndProject
Project("{8BC9CEB8-8B4A-11D0-8D11-00A0C91BC942}") = "BianaryProject", "BianaryProject\BianaryProject.vcxproj", "{671C1FD4-9093-4F06-B74D-585ABF011025}"
EndProject
Project("{8BC9CEB8-8B4A-11D0-8D11-00A0C91BC942}") = "BattleArena", "BattleArena\BattleArena.vcxproj", "{EDF554E0-528C-44D0-803D-985DC2652A44}"
EndProject
Project("{8BC9CEB8-8B4A-11D0-8D11-00A0C91BC942}") = "DebuggingExercise", "DebuggingExercise\DebuggingExercise.vcxproj", "{0930909E-B068-4D0B-BB34-A45AB1012716}"
EndProject
Global
	GlobalSection(SolutionConfigurationPlatforms) = preSolution
		Debug|x64 = Debug|x64
		Debug|x86 = Debug|x86
		Release|x64 = Release|x64
		Release|x86 = Release|x86
	EndGlobalSection
	GlobalSection(ProjectConfigurationPlatforms) = postSolution
		{100AB646-1529-43F3-B9D1-2C0A798642FF}.Debug|x64.ActiveCfg = Debug|x64
		{100AB646-1529-43F3-B9D1-2C0A798642FF}.Debug|x64.Build.0 = Debug|x64
		{100AB646-1529-43F3-B9D1-2C0A798642FF}.Debug|x86.ActiveCfg = Debug|Win32
		{100AB646-1529-43F3-B9D1-2C0A798642FF}.Debug|x86.Build.0 = Debug|Win32
		{100AB646-1529-43F3-B9D1-2C0A798642FF}.Release|x64.ActiveCfg = Release|x64
		{100AB646-1529-43F3-B9D1-2C0A798642FF}.Release|x64.Build.0 = Release|x64
		{100AB646-1529-43F3-B9D1-2C0A798642FF}.Release|x86.ActiveCfg = Release|Win32
		{100AB646-1529-43F3-B9D1-2C0A798642FF}.Release|x86.Build.0 = Release|Win32
		{636037A5-9F3E-4503-AB4F-6024BF363352}.Debug|x64.ActiveCfg = Debug|x64
		{636037A5-9F3E-4503-AB4F-6024BF363352}.Debug|x64.Build.0 = Debug|x64
		{636037A5-9F3E-4503-AB4F-6024BF363352}.Debug|x86.ActiveCfg = Debug|Win32
		{636037A5-9F3E-4503-AB4F-6024BF363352}.Debug|x86.Build.0 = Debug|Win32
		{636037A5-9F3E-4503-AB4F-6024BF363352}.Release|x64.ActiveCfg = Release|x64
		{636037A5-9F3E-4503-AB4F-6024BF363352}.Release|x64.Build.0 = Release|x64
		{636037A5-9F3E-4503-AB4F-6024BF363352}.Release|x86.ActiveCfg = Release|Win32
		{636037A5-9F3E-4503-AB4F-6024BF363352}.Release|x86.Build.0 = Release|Win32
		{671C1FD4-9093-4F06-B74D-585ABF011025}.Debug|x64.ActiveCfg = Debug|x64
		{671C1FD4-9093-4F06-B74D-585ABF011025}.Debug|x64.Build.0 = Debug|x64
		{671C1FD4-9093-4F06-B74D-585ABF011025}.Debug|x86.ActiveCfg = Debug|Win32
		{671C1FD4-9093-4F06-B74D-585ABF011025}.Debug|x86.Build.0 = Debug|Win32
		{671C1FD4-9093-4F06-B74D-585ABF011025}.Release|x64.ActiveCfg = Release|x64
		{671C1FD4-9093-4F06-B74D-585ABF011025}.Release|x64.Build.0 = Release|x64
		{671C1FD4-9093-4F06-B74D-585ABF011025}.Release|x86.ActiveCfg = Release|Win32
		{671C1FD4-9093-4F06-B74D-585ABF011025}.Release|x86.Build.0 = Release|Win32
		{EDF554E0-528C-44D0-803D-985DC2652A44}.Debug|x64.ActiveCfg = Debug|x64
		{EDF554E0-528C-44D0-803D-985DC2652A44}.Debug|x64.Build.0 = Debug|x64
		{EDF554E0-528C-44D0-803D-985DC2652A44}.Debug|x86.ActiveCfg = Debug|Win32
		{EDF554E0-528C-44D0-803D-985DC2652A44}.Debug|x86.Build.0 = Debug|Win32
		{EDF554E0-528C-44D0-803D-985DC2652A44}.Release|x64.ActiveCfg = Release|x64
		{EDF554E0-528C-44D0-803D-985DC2652A44}.Release|x64.Build.0 = Release|x64
		{EDF554E0-528C-44D0-803D-985DC2652A44}.Release|x86.ActiveCfg = Release|Win32
		{EDF554E0-528C-44D0-803D-985DC2652A44}.Release|x86.Build.0 = Release|Win32
		{0930909E-B068-4D0B-BB34-A45AB1012716}.Debug|x64.ActiveCfg = Debug|x64
		{0930909E-B068-4D0B-BB34-A45AB1012716}.Debug|x64.Build.0 = Debug|x64
		{0930909E-B068-4D0B-BB34-A45AB1012716}.Debug|x86.ActiveCfg = Debug|Win32
		{0930909E-B068-4D0B-BB34-A45AB1012716}.Debug|x86.Build.0 = Debug|Win32
		{0930909E-B068-4D0B-BB34-A45AB1012716}.Release|x64.ActiveCfg = Release|x64
		{0930909E-B068-4D0B-BB34-A45AB1012716}.Release|x64.Build.0 = Release|x64
		{0930909E-B068-4D0B-BB34-A45AB1012716}.Release|x86.ActiveCfg = Release|Win32
		{0930909E-B068-4D0B-BB34-A45AB1012716}.Release|x86.Build.0 = Release|Win32
	EndGlobalSection
	GlobalSection(SolutionProperties) = preSolution
		HideSolutionNode = FALSE
	EndGlobalSection
	GlobalSection(ExtensibilityGlobals) = postSolution
		SolutionGuid = {2B7D185B-8DCA-4523-AF9D-1D81DEF37C04}
	EndGlobalSection
EndGlobal
